// !$*UTF8*$!
{
	archiveVersion = 1;
	classes = {
	};
	objectVersion = 56;
	objects = {

/* Begin PBXBuildFile section */
		90CA92D02AD6B4FD003D99B9 /* AppDelegate.swift in Sources */ = {isa = PBXBuildFile; fileRef = 90CA92CF2AD6B4FD003D99B9 /* AppDelegate.swift */; };
		90CA92D22AD6B4FD003D99B9 /* SceneDelegate.swift in Sources */ = {isa = PBXBuildFile; fileRef = 90CA92D12AD6B4FD003D99B9 /* SceneDelegate.swift */; };
		90CA92D42AD6B4FD003D99B9 /* ViewController.swift in Sources */ = {isa = PBXBuildFile; fileRef = 90CA92D32AD6B4FD003D99B9 /* ViewController.swift */; };
		90CA92D72AD6B4FD003D99B9 /* Main.storyboard in Resources */ = {isa = PBXBuildFile; fileRef = 90CA92D52AD6B4FD003D99B9 /* Main.storyboard */; };
		90CA92DA2AD6B4FD003D99B9 /* NewsApp.xcdatamodeld in Sources */ = {isa = PBXBuildFile; fileRef = 90CA92D82AD6B4FD003D99B9 /* NewsApp.xcdatamodeld */; };
		90CA92DC2AD6B501003D99B9 /* Assets.xcassets in Resources */ = {isa = PBXBuildFile; fileRef = 90CA92DB2AD6B501003D99B9 /* Assets.xcassets */; };
		90CA92DF2AD6B501003D99B9 /* LaunchScreen.storyboard in Resources */ = {isa = PBXBuildFile; fileRef = 90CA92DD2AD6B501003D99B9 /* LaunchScreen.storyboard */; };
		90CA92EA2AD6B501003D99B9 /* NewsAppTests.swift in Sources */ = {isa = PBXBuildFile; fileRef = 90CA92E92AD6B501003D99B9 /* NewsAppTests.swift */; };
		90CA92F42AD6B501003D99B9 /* NewsAppUITests.swift in Sources */ = {isa = PBXBuildFile; fileRef = 90CA92F32AD6B501003D99B9 /* NewsAppUITests.swift */; };
		90CA92F62AD6B501003D99B9 /* NewsAppUITestsLaunchTests.swift in Sources */ = {isa = PBXBuildFile; fileRef = 90CA92F52AD6B501003D99B9 /* NewsAppUITestsLaunchTests.swift */; };
		90CA93032AD6B63F003D99B9 /* NewsArticleModel.swift in Sources */ = {isa = PBXBuildFile; fileRef = 90CA93022AD6B63F003D99B9 /* NewsArticleModel.swift */; };
		90CA93062AD6B69B003D99B9 /* SourceModel.swift in Sources */ = {isa = PBXBuildFile; fileRef = 90CA93052AD6B69B003D99B9 /* SourceModel.swift */; };
		90CA93082AD6B733003D99B9 /* URLManager.swift in Sources */ = {isa = PBXBuildFile; fileRef = 90CA93072AD6B733003D99B9 /* URLManager.swift */; };
		90CA930A2AD6B9E4003D99B9 /* NewsResponseModel.swift in Sources */ = {isa = PBXBuildFile; fileRef = 90CA93092AD6B9E4003D99B9 /* NewsResponseModel.swift */; };
		90CA930E2AD6BE45003D99B9 /* NewsArticleCell.swift in Sources */ = {isa = PBXBuildFile; fileRef = 90CA930D2AD6BE45003D99B9 /* NewsArticleCell.swift */; };
		90CA93102AD6BE75003D99B9 /* NewsArticleCellViewModel.swift in Sources */ = {isa = PBXBuildFile; fileRef = 90CA930F2AD6BE75003D99B9 /* NewsArticleCellViewModel.swift */; };
		90CA93132AD6C532003D99B9 /* NewsArticleViewModel.swift in Sources */ = {isa = PBXBuildFile; fileRef = 90CA93122AD6C532003D99B9 /* NewsArticleViewModel.swift */; };
		90CA93152AD6C5D5003D99B9 /* NewsArticleViewModelUtils.swift in Sources */ = {isa = PBXBuildFile; fileRef = 90CA93142AD6C5D5003D99B9 /* NewsArticleViewModelUtils.swift */; };
/* End PBXBuildFile section */

/* Begin PBXContainerItemProxy section */
		90CA92E62AD6B501003D99B9 /* PBXContainerItemProxy */ = {
			isa = PBXContainerItemProxy;
			containerPortal = 90CA92C42AD6B4FD003D99B9 /* Project object */;
			proxyType = 1;
			remoteGlobalIDString = 90CA92CB2AD6B4FD003D99B9;
			remoteInfo = NewsApp;
		};
		90CA92F02AD6B501003D99B9 /* PBXContainerItemProxy */ = {
			isa = PBXContainerItemProxy;
			containerPortal = 90CA92C42AD6B4FD003D99B9 /* Project object */;
			proxyType = 1;
			remoteGlobalIDString = 90CA92CB2AD6B4FD003D99B9;
			remoteInfo = NewsApp;
		};
/* End PBXContainerItemProxy section */

/* Begin PBXFileReference section */
		90CA92CC2AD6B4FD003D99B9 /* NewsApp.app */ = {isa = PBXFileReference; explicitFileType = wrapper.application; includeInIndex = 0; path = NewsApp.app; sourceTree = BUILT_PRODUCTS_DIR; };
		90CA92CF2AD6B4FD003D99B9 /* AppDelegate.swift */ = {isa = PBXFileReference; lastKnownFileType = sourcecode.swift; path = AppDelegate.swift; sourceTree = "<group>"; };
		90CA92D12AD6B4FD003D99B9 /* SceneDelegate.swift */ = {isa = PBXFileReference; lastKnownFileType = sourcecode.swift; path = SceneDelegate.swift; sourceTree = "<group>"; };
		90CA92D32AD6B4FD003D99B9 /* ViewController.swift */ = {isa = PBXFileReference; lastKnownFileType = sourcecode.swift; path = ViewController.swift; sourceTree = "<group>"; };
		90CA92D62AD6B4FD003D99B9 /* Base */ = {isa = PBXFileReference; lastKnownFileType = file.storyboard; name = Base; path = Base.lproj/Main.storyboard; sourceTree = "<group>"; };
		90CA92D92AD6B4FD003D99B9 /* NewsApp.xcdatamodel */ = {isa = PBXFileReference; lastKnownFileType = wrapper.xcdatamodel; path = NewsApp.xcdatamodel; sourceTree = "<group>"; };
		90CA92DB2AD6B501003D99B9 /* Assets.xcassets */ = {isa = PBXFileReference; lastKnownFileType = folder.assetcatalog; path = Assets.xcassets; sourceTree = "<group>"; };
		90CA92DE2AD6B501003D99B9 /* Base */ = {isa = PBXFileReference; lastKnownFileType = file.storyboard; name = Base; path = Base.lproj/LaunchScreen.storyboard; sourceTree = "<group>"; };
		90CA92E02AD6B501003D99B9 /* Info.plist */ = {isa = PBXFileReference; lastKnownFileType = text.plist.xml; path = Info.plist; sourceTree = "<group>"; };
		90CA92E52AD6B501003D99B9 /* NewsAppTests.xctest */ = {isa = PBXFileReference; explicitFileType = wrapper.cfbundle; includeInIndex = 0; path = NewsAppTests.xctest; sourceTree = BUILT_PRODUCTS_DIR; };
		90CA92E92AD6B501003D99B9 /* NewsAppTests.swift */ = {isa = PBXFileReference; lastKnownFileType = sourcecode.swift; path = NewsAppTests.swift; sourceTree = "<group>"; };
		90CA92EF2AD6B501003D99B9 /* NewsAppUITests.xctest */ = {isa = PBXFileReference; explicitFileType = wrapper.cfbundle; includeInIndex = 0; path = NewsAppUITests.xctest; sourceTree = BUILT_PRODUCTS_DIR; };
		90CA92F32AD6B501003D99B9 /* NewsAppUITests.swift */ = {isa = PBXFileReference; lastKnownFileType = sourcecode.swift; path = NewsAppUITests.swift; sourceTree = "<group>"; };
		90CA92F52AD6B501003D99B9 /* NewsAppUITestsLaunchTests.swift */ = {isa = PBXFileReference; lastKnownFileType = sourcecode.swift; path = NewsAppUITestsLaunchTests.swift; sourceTree = "<group>"; };
		90CA93022AD6B63F003D99B9 /* NewsArticleModel.swift */ = {isa = PBXFileReference; lastKnownFileType = sourcecode.swift; path = NewsArticleModel.swift; sourceTree = "<group>"; };
		90CA93052AD6B69B003D99B9 /* SourceModel.swift */ = {isa = PBXFileReference; lastKnownFileType = sourcecode.swift; path = SourceModel.swift; sourceTree = "<group>"; };
		90CA93072AD6B733003D99B9 /* URLManager.swift */ = {isa = PBXFileReference; lastKnownFileType = sourcecode.swift; path = URLManager.swift; sourceTree = "<group>"; };
		90CA93092AD6B9E4003D99B9 /* NewsResponseModel.swift */ = {isa = PBXFileReference; lastKnownFileType = sourcecode.swift; path = NewsResponseModel.swift; sourceTree = "<group>"; };
		90CA930D2AD6BE45003D99B9 /* NewsArticleCell.swift */ = {isa = PBXFileReference; lastKnownFileType = sourcecode.swift; path = NewsArticleCell.swift; sourceTree = "<group>"; };
		90CA930F2AD6BE75003D99B9 /* NewsArticleCellViewModel.swift */ = {isa = PBXFileReference; lastKnownFileType = sourcecode.swift; path = NewsArticleCellViewModel.swift; sourceTree = "<group>"; };
		90CA93122AD6C532003D99B9 /* NewsArticleViewModel.swift */ = {isa = PBXFileReference; lastKnownFileType = sourcecode.swift; path = NewsArticleViewModel.swift; sourceTree = "<group>"; };
		90CA93142AD6C5D5003D99B9 /* NewsArticleViewModelUtils.swift */ = {isa = PBXFileReference; lastKnownFileType = sourcecode.swift; path = NewsArticleViewModelUtils.swift; sourceTree = "<group>"; };
/* End PBXFileReference section */

/* Begin PBXFrameworksBuildPhase section */
		90CA92C92AD6B4FD003D99B9 /* Frameworks */ = {
			isa = PBXFrameworksBuildPhase;
			buildActionMask = 2147483647;
			files = (
			);
			runOnlyForDeploymentPostprocessing = 0;
		};
		90CA92E22AD6B501003D99B9 /* Frameworks */ = {
			isa = PBXFrameworksBuildPhase;
			buildActionMask = 2147483647;
			files = (
			);
			runOnlyForDeploymentPostprocessing = 0;
		};
		90CA92EC2AD6B501003D99B9 /* Frameworks */ = {
			isa = PBXFrameworksBuildPhase;
			buildActionMask = 2147483647;
			files = (
			);
			runOnlyForDeploymentPostprocessing = 0;
		};
/* End PBXFrameworksBuildPhase section */

/* Begin PBXGroup section */
		90CA92C32AD6B4FD003D99B9 = {
			isa = PBXGroup;
			children = (
				90CA92CE2AD6B4FD003D99B9 /* NewsApp */,
				90CA92E82AD6B501003D99B9 /* NewsAppTests */,
				90CA92F22AD6B501003D99B9 /* NewsAppUITests */,
				90CA92CD2AD6B4FD003D99B9 /* Products */,
			);
			sourceTree = "<group>";
		};
		90CA92CD2AD6B4FD003D99B9 /* Products */ = {
			isa = PBXGroup;
			children = (
				90CA92CC2AD6B4FD003D99B9 /* NewsApp.app */,
				90CA92E52AD6B501003D99B9 /* NewsAppTests.xctest */,
				90CA92EF2AD6B501003D99B9 /* NewsAppUITests.xctest */,
			);
			name = Products;
			sourceTree = "<group>";
		};
		90CA92CE2AD6B4FD003D99B9 /* NewsApp */ = {
			isa = PBXGroup;
			children = (
				90CA93112AD6C20D003D99B9 /* Utils */,
				90CA930C2AD6BE12003D99B9 /* Views */,
				90CA930B2AD6BD92003D99B9 /* ViewModels */,
				90CA93042AD6B670003D99B9 /* Models */,
				90CA92CF2AD6B4FD003D99B9 /* AppDelegate.swift */,
				90CA92D12AD6B4FD003D99B9 /* SceneDelegate.swift */,
				90CA92D32AD6B4FD003D99B9 /* ViewController.swift */,
				90CA92D52AD6B4FD003D99B9 /* Main.storyboard */,
				90CA92DB2AD6B501003D99B9 /* Assets.xcassets */,
				90CA92DD2AD6B501003D99B9 /* LaunchScreen.storyboard */,
				90CA92E02AD6B501003D99B9 /* Info.plist */,
				90CA92D82AD6B4FD003D99B9 /* NewsApp.xcdatamodeld */,
			);
			path = NewsApp;
			sourceTree = "<group>";
		};
		90CA92E82AD6B501003D99B9 /* NewsAppTests */ = {
			isa = PBXGroup;
			children = (
				90CA92E92AD6B501003D99B9 /* NewsAppTests.swift */,
			);
			path = NewsAppTests;
			sourceTree = "<group>";
		};
		90CA92F22AD6B501003D99B9 /* NewsAppUITests */ = {
			isa = PBXGroup;
			children = (
				90CA92F32AD6B501003D99B9 /* NewsAppUITests.swift */,
				90CA92F52AD6B501003D99B9 /* NewsAppUITestsLaunchTests.swift */,
			);
			path = NewsAppUITests;
			sourceTree = "<group>";
		};
		90CA93042AD6B670003D99B9 /* Models */ = {
			isa = PBXGroup;
			children = (
				90CA93022AD6B63F003D99B9 /* NewsArticleModel.swift */,
				90CA93052AD6B69B003D99B9 /* SourceModel.swift */,
				90CA93092AD6B9E4003D99B9 /* NewsResponseModel.swift */,
			);
			path = Models;
			sourceTree = "<group>";
		};
		90CA930B2AD6BD92003D99B9 /* ViewModels */ = {
			isa = PBXGroup;
			children = (
				90CA930F2AD6BE75003D99B9 /* NewsArticleCellViewModel.swift */,
				90CA93122AD6C532003D99B9 /* NewsArticleViewModel.swift */,
			);
			path = ViewModels;
			sourceTree = "<group>";
		};
		90CA930C2AD6BE12003D99B9 /* Views */ = {
			isa = PBXGroup;
			children = (
				90CA930D2AD6BE45003D99B9 /* NewsArticleCell.swift */,
			);
			path = Views;
			sourceTree = "<group>";
		};
		90CA93112AD6C20D003D99B9 /* Utils */ = {
			isa = PBXGroup;
			children = (
				90CA93072AD6B733003D99B9 /* URLManager.swift */,
				90CA93142AD6C5D5003D99B9 /* NewsArticleViewModelUtils.swift */,
			);
			path = Utils;
			sourceTree = "<group>";
		};
/* End PBXGroup section */

/* Begin PBXNativeTarget section */
		90CA92CB2AD6B4FD003D99B9 /* NewsApp */ = {
			isa = PBXNativeTarget;
			buildConfigurationList = 90CA92F92AD6B501003D99B9 /* Build configuration list for PBXNativeTarget "NewsApp" */;
			buildPhases = (
				90CA92C82AD6B4FD003D99B9 /* Sources */,
				90CA92C92AD6B4FD003D99B9 /* Frameworks */,
				90CA92CA2AD6B4FD003D99B9 /* Resources */,
			);
			buildRules = (
			);
			dependencies = (
			);
			name = NewsApp;
			productName = NewsApp;
			productReference = 90CA92CC2AD6B4FD003D99B9 /* NewsApp.app */;
			productType = "com.apple.product-type.application";
		};
		90CA92E42AD6B501003D99B9 /* NewsAppTests */ = {
			isa = PBXNativeTarget;
			buildConfigurationList = 90CA92FC2AD6B501003D99B9 /* Build configuration list for PBXNativeTarget "NewsAppTests" */;
			buildPhases = (
				90CA92E12AD6B501003D99B9 /* Sources */,
				90CA92E22AD6B501003D99B9 /* Frameworks */,
				90CA92E32AD6B501003D99B9 /* Resources */,
			);
			buildRules = (
			);
			dependencies = (
				90CA92E72AD6B501003D99B9 /* PBXTargetDependency */,
			);
			name = NewsAppTests;
			productName = NewsAppTests;
			productReference = 90CA92E52AD6B501003D99B9 /* NewsAppTests.xctest */;
			productType = "com.apple.product-type.bundle.unit-test";
		};
		90CA92EE2AD6B501003D99B9 /* NewsAppUITests */ = {
			isa = PBXNativeTarget;
			buildConfigurationList = 90CA92FF2AD6B501003D99B9 /* Build configuration list for PBXNativeTarget "NewsAppUITests" */;
			buildPhases = (
				90CA92EB2AD6B501003D99B9 /* Sources */,
				90CA92EC2AD6B501003D99B9 /* Frameworks */,
				90CA92ED2AD6B501003D99B9 /* Resources */,
			);
			buildRules = (
			);
			dependencies = (
				90CA92F12AD6B501003D99B9 /* PBXTargetDependency */,
			);
			name = NewsAppUITests;
			productName = NewsAppUITests;
			productReference = 90CA92EF2AD6B501003D99B9 /* NewsAppUITests.xctest */;
			productType = "com.apple.product-type.bundle.ui-testing";
		};
/* End PBXNativeTarget section */

/* Begin PBXProject section */
		90CA92C42AD6B4FD003D99B9 /* Project object */ = {
			isa = PBXProject;
			attributes = {
				BuildIndependentTargetsInParallel = 1;
				LastSwiftUpdateCheck = 1500;
				LastUpgradeCheck = 1500;
				TargetAttributes = {
					90CA92CB2AD6B4FD003D99B9 = {
						CreatedOnToolsVersion = 15.0;
					};
					90CA92E42AD6B501003D99B9 = {
						CreatedOnToolsVersion = 15.0;
						TestTargetID = 90CA92CB2AD6B4FD003D99B9;
					};
					90CA92EE2AD6B501003D99B9 = {
						CreatedOnToolsVersion = 15.0;
						TestTargetID = 90CA92CB2AD6B4FD003D99B9;
					};
				};
			};
			buildConfigurationList = 90CA92C72AD6B4FD003D99B9 /* Build configuration list for PBXProject "NewsApp" */;
			compatibilityVersion = "Xcode 14.0";
			developmentRegion = en;
			hasScannedForEncodings = 0;
			knownRegions = (
				en,
				Base,
			);
			mainGroup = 90CA92C32AD6B4FD003D99B9;
			productRefGroup = 90CA92CD2AD6B4FD003D99B9 /* Products */;
			projectDirPath = "";
			projectRoot = "";
			targets = (
				90CA92CB2AD6B4FD003D99B9 /* NewsApp */,
				90CA92E42AD6B501003D99B9 /* NewsAppTests */,
				90CA92EE2AD6B501003D99B9 /* NewsAppUITests */,
			);
		};
/* End PBXProject section */

/* Begin PBXResourcesBuildPhase section */
		90CA92CA2AD6B4FD003D99B9 /* Resources */ = {
			isa = PBXResourcesBuildPhase;
			buildActionMask = 2147483647;
			files = (
				90CA92DF2AD6B501003D99B9 /* LaunchScreen.storyboard in Resources */,
				90CA92DC2AD6B501003D99B9 /* Assets.xcassets in Resources */,
				90CA92D72AD6B4FD003D99B9 /* Main.storyboard in Resources */,
			);
			runOnlyForDeploymentPostprocessing = 0;
		};
		90CA92E32AD6B501003D99B9 /* Resources */ = {
			isa = PBXResourcesBuildPhase;
			buildActionMask = 2147483647;
			files = (
			);
			runOnlyForDeploymentPostprocessing = 0;
		};
		90CA92ED2AD6B501003D99B9 /* Resources */ = {
			isa = PBXResourcesBuildPhase;
			buildActionMask = 2147483647;
			files = (
			);
			runOnlyForDeploymentPostprocessing = 0;
		};
/* End PBXResourcesBuildPhase section */

/* Begin PBXSourcesBuildPhase section */
		90CA92C82AD6B4FD003D99B9 /* Sources */ = {
			isa = PBXSourcesBuildPhase;
			buildActionMask = 2147483647;
			files = (
				90CA93152AD6C5D5003D99B9 /* NewsArticleViewModelUtils.swift in Sources */,
				90CA92D42AD6B4FD003D99B9 /* ViewController.swift in Sources */,
				90CA92D02AD6B4FD003D99B9 /* AppDelegate.swift in Sources */,
				90CA930E2AD6BE45003D99B9 /* NewsArticleCell.swift in Sources */,
				90CA93132AD6C532003D99B9 /* NewsArticleViewModel.swift in Sources */,
				90CA92DA2AD6B4FD003D99B9 /* NewsApp.xcdatamodeld in Sources */,
				90CA93102AD6BE75003D99B9 /* NewsArticleCellViewModel.swift in Sources */,
				90CA93032AD6B63F003D99B9 /* NewsArticleModel.swift in Sources */,
				90CA93062AD6B69B003D99B9 /* SourceModel.swift in Sources */,
				90CA92D22AD6B4FD003D99B9 /* SceneDelegate.swift in Sources */,
				90CA93082AD6B733003D99B9 /* URLManager.swift in Sources */,
				90CA930A2AD6B9E4003D99B9 /* NewsResponseModel.swift in Sources */,
			);
			runOnlyForDeploymentPostprocessing = 0;
		};
		90CA92E12AD6B501003D99B9 /* Sources */ = {
			isa = PBXSourcesBuildPhase;
			buildActionMask = 2147483647;
			files = (
				90CA92EA2AD6B501003D99B9 /* NewsAppTests.swift in Sources */,
			);
			runOnlyForDeploymentPostprocessing = 0;
		};
		90CA92EB2AD6B501003D99B9 /* Sources */ = {
			isa = PBXSourcesBuildPhase;
			buildActionMask = 2147483647;
			files = (
				90CA92F42AD6B501003D99B9 /* NewsAppUITests.swift in Sources */,
				90CA92F62AD6B501003D99B9 /* NewsAppUITestsLaunchTests.swift in Sources */,
			);
			runOnlyForDeploymentPostprocessing = 0;
		};
/* End PBXSourcesBuildPhase section */

/* Begin PBXTargetDependency section */
		90CA92E72AD6B501003D99B9 /* PBXTargetDependency */ = {
			isa = PBXTargetDependency;
			target = 90CA92CB2AD6B4FD003D99B9 /* NewsApp */;
			targetProxy = 90CA92E62AD6B501003D99B9 /* PBXContainerItemProxy */;
		};
		90CA92F12AD6B501003D99B9 /* PBXTargetDependency */ = {
			isa = PBXTargetDependency;
			target = 90CA92CB2AD6B4FD003D99B9 /* NewsApp */;
			targetProxy = 90CA92F02AD6B501003D99B9 /* PBXContainerItemProxy */;
		};
/* End PBXTargetDependency section */

/* Begin PBXVariantGroup section */
		90CA92D52AD6B4FD003D99B9 /* Main.storyboard */ = {
			isa = PBXVariantGroup;
			children = (
				90CA92D62AD6B4FD003D99B9 /* Base */,
			);
			name = Main.storyboard;
			sourceTree = "<group>";
		};
		90CA92DD2AD6B501003D99B9 /* LaunchScreen.storyboard */ = {
			isa = PBXVariantGroup;
			children = (
				90CA92DE2AD6B501003D99B9 /* Base */,
			);
			name = LaunchScreen.storyboard;
			sourceTree = "<group>";
		};
/* End PBXVariantGroup section */

/* Begin XCBuildConfiguration section */
		90CA92F72AD6B501003D99B9 /* Debug */ = {
			isa = XCBuildConfiguration;
			buildSettings = {
				ALWAYS_SEARCH_USER_PATHS = NO;
				ASSETCATALOG_COMPILER_GENERATE_SWIFT_ASSET_SYMBOL_EXTENSIONS = YES;
				CLANG_ANALYZER_NONNULL = YES;
				CLANG_ANALYZER_NUMBER_OBJECT_CONVERSION = YES_AGGRESSIVE;
				CLANG_CXX_LANGUAGE_STANDARD = "gnu++20";
				CLANG_ENABLE_MODULES = YES;
				CLANG_ENABLE_OBJC_ARC = YES;
				CLANG_ENABLE_OBJC_WEAK = YES;
				CLANG_WARN_BLOCK_CAPTURE_AUTORELEASING = YES;
				CLANG_WARN_BOOL_CONVERSION = YES;
				CLANG_WARN_COMMA = YES;
				CLANG_WARN_CONSTANT_CONVERSION = YES;
				CLANG_WARN_DEPRECATED_OBJC_IMPLEMENTATIONS = YES;
				CLANG_WARN_DIRECT_OBJC_ISA_USAGE = YES_ERROR;
				CLANG_WARN_DOCUMENTATION_COMMENTS = YES;
				CLANG_WARN_EMPTY_BODY = YES;
				CLANG_WARN_ENUM_CONVERSION = YES;
				CLANG_WARN_INFINITE_RECURSION = YES;
				CLANG_WARN_INT_CONVERSION = YES;
				CLANG_WARN_NON_LITERAL_NULL_CONVERSION = YES;
				CLANG_WARN_OBJC_IMPLICIT_RETAIN_SELF = YES;
				CLANG_WARN_OBJC_LITERAL_CONVERSION = YES;
				CLANG_WARN_OBJC_ROOT_CLASS = YES_ERROR;
				CLANG_WARN_QUOTED_INCLUDE_IN_FRAMEWORK_HEADER = YES;
				CLANG_WARN_RANGE_LOOP_ANALYSIS = YES;
				CLANG_WARN_STRICT_PROTOTYPES = YES;
				CLANG_WARN_SUSPICIOUS_MOVE = YES;
				CLANG_WARN_UNGUARDED_AVAILABILITY = YES_AGGRESSIVE;
				CLANG_WARN_UNREACHABLE_CODE = YES;
				CLANG_WARN__DUPLICATE_METHOD_MATCH = YES;
				COPY_PHASE_STRIP = NO;
				DEBUG_INFORMATION_FORMAT = dwarf;
				ENABLE_STRICT_OBJC_MSGSEND = YES;
				ENABLE_TESTABILITY = YES;
				ENABLE_USER_SCRIPT_SANDBOXING = YES;
				GCC_C_LANGUAGE_STANDARD = gnu17;
				GCC_DYNAMIC_NO_PIC = NO;
				GCC_NO_COMMON_BLOCKS = YES;
				GCC_OPTIMIZATION_LEVEL = 0;
				GCC_PREPROCESSOR_DEFINITIONS = (
					"DEBUG=1",
					"$(inherited)",
				);
				GCC_WARN_64_TO_32_BIT_CONVERSION = YES;
				GCC_WARN_ABOUT_RETURN_TYPE = YES_ERROR;
				GCC_WARN_UNDECLARED_SELECTOR = YES;
				GCC_WARN_UNINITIALIZED_AUTOS = YES_AGGRESSIVE;
				GCC_WARN_UNUSED_FUNCTION = YES;
				GCC_WARN_UNUSED_VARIABLE = YES;
				IPHONEOS_DEPLOYMENT_TARGET = 17.0;
				LOCALIZATION_PREFERS_STRING_CATALOGS = YES;
				MTL_ENABLE_DEBUG_INFO = INCLUDE_SOURCE;
				MTL_FAST_MATH = YES;
				ONLY_ACTIVE_ARCH = YES;
				SDKROOT = iphoneos;
				SWIFT_ACTIVE_COMPILATION_CONDITIONS = "DEBUG $(inherited)";
				SWIFT_OPTIMIZATION_LEVEL = "-Onone";
			};
			name = Debug;
		};
		90CA92F82AD6B501003D99B9 /* Release */ = {
			isa = XCBuildConfiguration;
			buildSettings = {
				ALWAYS_SEARCH_USER_PATHS = NO;
				ASSETCATALOG_COMPILER_GENERATE_SWIFT_ASSET_SYMBOL_EXTENSIONS = YES;
				CLANG_ANALYZER_NONNULL = YES;
				CLANG_ANALYZER_NUMBER_OBJECT_CONVERSION = YES_AGGRESSIVE;
				CLANG_CXX_LANGUAGE_STANDARD = "gnu++20";
				CLANG_ENABLE_MODULES = YES;
				CLANG_ENABLE_OBJC_ARC = YES;
				CLANG_ENABLE_OBJC_WEAK = YES;
				CLANG_WARN_BLOCK_CAPTURE_AUTORELEASING = YES;
				CLANG_WARN_BOOL_CONVERSION = YES;
				CLANG_WARN_COMMA = YES;
				CLANG_WARN_CONSTANT_CONVERSION = YES;
				CLANG_WARN_DEPRECATED_OBJC_IMPLEMENTATIONS = YES;
				CLANG_WARN_DIRECT_OBJC_ISA_USAGE = YES_ERROR;
				CLANG_WARN_DOCUMENTATION_COMMENTS = YES;
				CLANG_WARN_EMPTY_BODY = YES;
				CLANG_WARN_ENUM_CONVERSION = YES;
				CLANG_WARN_INFINITE_RECURSION = YES;
				CLANG_WARN_INT_CONVERSION = YES;
				CLANG_WARN_NON_LITERAL_NULL_CONVERSION = YES;
				CLANG_WARN_OBJC_IMPLICIT_RETAIN_SELF = YES;
				CLANG_WARN_OBJC_LITERAL_CONVERSION = YES;
				CLANG_WARN_OBJC_ROOT_CLASS = YES_ERROR;
				CLANG_WARN_QUOTED_INCLUDE_IN_FRAMEWORK_HEADER = YES;
				CLANG_WARN_RANGE_LOOP_ANALYSIS = YES;
				CLANG_WARN_STRICT_PROTOTYPES = YES;
				CLANG_WARN_SUSPICIOUS_MOVE = YES;
				CLANG_WARN_UNGUARDED_AVAILABILITY = YES_AGGRESSIVE;
				CLANG_WARN_UNREACHABLE_CODE = YES;
				CLANG_WARN__DUPLICATE_METHOD_MATCH = YES;
				COPY_PHASE_STRIP = NO;
				DEBUG_INFORMATION_FORMAT = "dwarf-with-dsym";
				ENABLE_NS_ASSERTIONS = NO;
				ENABLE_STRICT_OBJC_MSGSEND = YES;
				ENABLE_USER_SCRIPT_SANDBOXING = YES;
				GCC_C_LANGUAGE_STANDARD = gnu17;
				GCC_NO_COMMON_BLOCKS = YES;
				GCC_WARN_64_TO_32_BIT_CONVERSION = YES;
				GCC_WARN_ABOUT_RETURN_TYPE = YES_ERROR;
				GCC_WARN_UNDECLARED_SELECTOR = YES;
				GCC_WARN_UNINITIALIZED_AUTOS = YES_AGGRESSIVE;
				GCC_WARN_UNUSED_FUNCTION = YES;
				GCC_WARN_UNUSED_VARIABLE = YES;
				IPHONEOS_DEPLOYMENT_TARGET = 17.0;
				LOCALIZATION_PREFERS_STRING_CATALOGS = YES;
				MTL_ENABLE_DEBUG_INFO = NO;
				MTL_FAST_MATH = YES;
				SDKROOT = iphoneos;
				SWIFT_COMPILATION_MODE = wholemodule;
				VALIDATE_PRODUCT = YES;
			};
			name = Release;
		};
		90CA92FA2AD6B501003D99B9 /* Debug */ = {
			isa = XCBuildConfiguration;
			buildSettings = {
				ASSETCATALOG_COMPILER_APPICON_NAME = AppIcon;
				ASSETCATALOG_COMPILER_GLOBAL_ACCENT_COLOR_NAME = AccentColor;
				CODE_SIGN_STYLE = Automatic;
				CURRENT_PROJECT_VERSION = 1;
				GENERATE_INFOPLIST_FILE = YES;
				INFOPLIST_FILE = NewsApp/Info.plist;
				INFOPLIST_KEY_UIApplicationSupportsIndirectInputEvents = YES;
				INFOPLIST_KEY_UILaunchStoryboardName = LaunchScreen;
				INFOPLIST_KEY_UIMainStoryboardFile = Main;
				INFOPLIST_KEY_UISupportedInterfaceOrientations_iPad = "UIInterfaceOrientationPortrait UIInterfaceOrientationPortraitUpsideDown UIInterfaceOrientationLandscapeLeft UIInterfaceOrientationLandscapeRight";
				INFOPLIST_KEY_UISupportedInterfaceOrientations_iPhone = "UIInterfaceOrientationPortrait UIInterfaceOrientationLandscapeLeft UIInterfaceOrientationLandscapeRight";
				LD_RUNPATH_SEARCH_PATHS = (
					"$(inherited)",
					"@executable_path/Frameworks",
				);
				MARKETING_VERSION = 1.0;
				PRODUCT_BUNDLE_IDENTIFIER = com.kamaldeep.NewsApp;
				PRODUCT_NAME = "$(TARGET_NAME)";
				SWIFT_EMIT_LOC_STRINGS = YES;
				SWIFT_VERSION = 5.0;
				TARGETED_DEVICE_FAMILY = "1,2";
			};
			name = Debug;
		};
		90CA92FB2AD6B501003D99B9 /* Release */ = {
			isa = XCBuildConfiguration;
			buildSettings = {
				ASSETCATALOG_COMPILER_APPICON_NAME = AppIcon;
				ASSETCATALOG_COMPILER_GLOBAL_ACCENT_COLOR_NAME = AccentColor;
				CODE_SIGN_STYLE = Automatic;
				CURRENT_PROJECT_VERSION = 1;
				GENERATE_INFOPLIST_FILE = YES;
				INFOPLIST_FILE = NewsApp/Info.plist;
				INFOPLIST_KEY_UIApplicationSupportsIndirectInputEvents = YES;
				INFOPLIST_KEY_UILaunchStoryboardName = LaunchScreen;
				INFOPLIST_KEY_UIMainStoryboardFile = Main;
				INFOPLIST_KEY_UISupportedInterfaceOrientations_iPad = "UIInterfaceOrientationPortrait UIInterfaceOrientationPortraitUpsideDown UIInterfaceOrientationLandscapeLeft UIInterfaceOrientationLandscapeRight";
				INFOPLIST_KEY_UISupportedInterfaceOrientations_iPhone = "UIInterfaceOrientationPortrait UIInterfaceOrientationLandscapeLeft UIInterfaceOrientationLandscapeRight";
				LD_RUNPATH_SEARCH_PATHS = (
					"$(inherited)",
					"@executable_path/Frameworks",
				);
				MARKETING_VERSION = 1.0;
				PRODUCT_BUNDLE_IDENTIFIER = com.kamaldeep.NewsApp;
				PRODUCT_NAME = "$(TARGET_NAME)";
				SWIFT_EMIT_LOC_STRINGS = YES;
				SWIFT_VERSION = 5.0;
				TARGETED_DEVICE_FAMILY = "1,2";
			};
			name = Release;
		};
		90CA92FD2AD6B501003D99B9 /* Debug */ = {
			isa = XCBuildConfiguration;
			buildSettings = {
				ALWAYS_EMBED_SWIFT_STANDARD_LIBRARIES = YES;
				BUNDLE_LOADER = "$(TEST_HOST)";
				CODE_SIGN_STYLE = Automatic;
				CURRENT_PROJECT_VERSION = 1;
				GENERATE_INFOPLIST_FILE = YES;
				IPHONEOS_DEPLOYMENT_TARGET = 17.0;
				MARKETING_VERSION = 1.0;
				PRODUCT_BUNDLE_IDENTIFIER = com.kamaldeep.NewsAppTests;
				PRODUCT_NAME = "$(TARGET_NAME)";
				SWIFT_EMIT_LOC_STRINGS = NO;
				SWIFT_VERSION = 5.0;
				TARGETED_DEVICE_FAMILY = "1,2";
				TEST_HOST = "$(BUILT_PRODUCTS_DIR)/NewsApp.app/$(BUNDLE_EXECUTABLE_FOLDER_PATH)/NewsApp";
			};
			name = Debug;
		};
		90CA92FE2AD6B501003D99B9 /* Release */ = {
			isa = XCBuildConfiguration;
			buildSettings = {
				ALWAYS_EMBED_SWIFT_STANDARD_LIBRARIES = YES;
				BUNDLE_LOADER = "$(TEST_HOST)";
				CODE_SIGN_STYLE = Automatic;
				CURRENT_PROJECT_VERSION = 1;
				GENERATE_INFOPLIST_FILE = YES;
				IPHONEOS_DEPLOYMENT_TARGET = 17.0;
				MARKETING_VERSION = 1.0;
				PRODUCT_BUNDLE_IDENTIFIER = com.kamaldeep.NewsAppTests;
				PRODUCT_NAME = "$(TARGET_NAME)";
				SWIFT_EMIT_LOC_STRINGS = NO;
				SWIFT_VERSION = 5.0;
				TARGETED_DEVICE_FAMILY = "1,2";
				TEST_HOST = "$(BUILT_PRODUCTS_DIR)/NewsApp.app/$(BUNDLE_EXECUTABLE_FOLDER_PATH)/NewsApp";
			};
			name = Release;
		};
		90CA93002AD6B501003D99B9 /* Debug */ = {
			isa = XCBuildConfiguration;
			buildSettings = {
				ALWAYS_EMBED_SWIFT_STANDARD_LIBRARIES = YES;
				CODE_SIGN_STYLE = Automatic;
				CURRENT_PROJECT_VERSION = 1;
				GENERATE_INFOPLIST_FILE = YES;
				MARKETING_VERSION = 1.0;
				PRODUCT_BUNDLE_IDENTIFIER = com.kamaldeep.NewsAppUITests;
				PRODUCT_NAME = "$(TARGET_NAME)";
				SWIFT_EMIT_LOC_STRINGS = NO;
				SWIFT_VERSION = 5.0;
				TARGETED_DEVICE_FAMILY = "1,2";
				TEST_TARGET_NAME = NewsApp;
			};
			name = Debug;
		};
		90CA93012AD6B501003D99B9 /* Release */ = {
			isa = XCBuildConfiguration;
			buildSettings = {
				ALWAYS_EMBED_SWIFT_STANDARD_LIBRARIES = YES;
				CODE_SIGN_STYLE = Automatic;
				CURRENT_PROJECT_VERSION = 1;
				GENERATE_INFOPLIST_FILE = YES;
				MARKETING_VERSION = 1.0;
				PRODUCT_BUNDLE_IDENTIFIER = com.kamaldeep.NewsAppUITests;
				PRODUCT_NAME = "$(TARGET_NAME)";
				SWIFT_EMIT_LOC_STRINGS = NO;
				SWIFT_VERSION = 5.0;
				TARGETED_DEVICE_FAMILY = "1,2";
				TEST_TARGET_NAME = NewsApp;
			};
			name = Release;
		};
/* End XCBuildConfiguration section */

/* Begin XCConfigurationList section */
		90CA92C72AD6B4FD003D99B9 /* Build configuration list for PBXProject "NewsApp" */ = {
			isa = XCConfigurationList;
			buildConfigurations = (
				90CA92F72AD6B501003D99B9 /* Debug */,
				90CA92F82AD6B501003D99B9 /* Release */,
			);
			defaultConfigurationIsVisible = 0;
			defaultConfigurationName = Release;
		};
		90CA92F92AD6B501003D99B9 /* Build configuration list for PBXNativeTarget "NewsApp" */ = {
			isa = XCConfigurationList;
			buildConfigurations = (
				90CA92FA2AD6B501003D99B9 /* Debug */,
				90CA92FB2AD6B501003D99B9 /* Release */,
			);
			defaultConfigurationIsVisible = 0;
			defaultConfigurationName = Release;
		};
		90CA92FC2AD6B501003D99B9 /* Build configuration list for PBXNativeTarget "NewsAppTests" */ = {
			isa = XCConfigurationList;
			buildConfigurations = (
				90CA92FD2AD6B501003D99B9 /* Debug */,
				90CA92FE2AD6B501003D99B9 /* Release */,
			);
			defaultConfigurationIsVisible = 0;
			defaultConfigurationName = Release;
		};
		90CA92FF2AD6B501003D99B9 /* Build configuration list for PBXNativeTarget "NewsAppUITests" */ = {
			isa = XCConfigurationList;
			buildConfigurations = (
				90CA93002AD6B501003D99B9 /* Debug */,
				90CA93012AD6B501003D99B9 /* Release */,
			);
			defaultConfigurationIsVisible = 0;
			defaultConfigurationName = Release;
		};
/* End XCConfigurationList section */

/* Begin XCVersionGroup section */
		90CA92D82AD6B4FD003D99B9 /* NewsApp.xcdatamodeld */ = {
			isa = XCVersionGroup;
			children = (
				90CA92D92AD6B4FD003D99B9 /* NewsApp.xcdatamodel */,
			);
			currentVersion = 90CA92D92AD6B4FD003D99B9 /* NewsApp.xcdatamodel */;
			path = NewsApp.xcdatamodeld;
			sourceTree = "<group>";
			versionGroupType = wrapper.xcdatamodel;
		};
/* End XCVersionGroup section */
	};
	rootObject = 90CA92C42AD6B4FD003D99B9 /* Project object */;
}
